// !$*UTF8*$!
{
	archiveVersion = 1;
	classes = {
	};
	objectVersion = 46;
	objects = {

/* Begin PBXBuildFile section */
		201F96ED1E3154BB0082702E /* User.swift in Sources */ = {isa = PBXBuildFile; fileRef = 201F96EC1E3154BB0082702E /* User.swift */; };
		201F96EF1E3154F10082702E /* Post.swift in Sources */ = {isa = PBXBuildFile; fileRef = 201F96EE1E3154F10082702E /* Post.swift */; };
		20CC17C71E17E1DB006D5A13 /* AppDelegate.swift in Sources */ = {isa = PBXBuildFile; fileRef = 20CC17C61E17E1DB006D5A13 /* AppDelegate.swift */; };
		20CC17CC1E17E1DB006D5A13 /* Main.storyboard in Resources */ = {isa = PBXBuildFile; fileRef = 20CC17CA1E17E1DB006D5A13 /* Main.storyboard */; };
		20CC17CF1E17E1DB006D5A13 /* assign_app.xcdatamodeld in Sources */ = {isa = PBXBuildFile; fileRef = 20CC17CD1E17E1DB006D5A13 /* assign_app.xcdatamodeld */; };
		20CC17D11E17E1DB006D5A13 /* Assets.xcassets in Resources */ = {isa = PBXBuildFile; fileRef = 20CC17D01E17E1DB006D5A13 /* Assets.xcassets */; };
		20CC17D41E17E1DB006D5A13 /* LaunchScreen.storyboard in Resources */ = {isa = PBXBuildFile; fileRef = 20CC17D21E17E1DB006D5A13 /* LaunchScreen.storyboard */; };
		20E53ACC1F48866100F65FDE /* GoogleService-Info.plist in Resources */ = {isa = PBXBuildFile; fileRef = 20E53ACB1F48866100F65FDE /* GoogleService-Info.plist */; };
		2EDC80EB9C4A797B23A47EA8 /* Pods_assign_app.framework in Frameworks */ = {isa = PBXBuildFile; fileRef = 6A7B4D5AEA8A177169FE3A2C /* Pods_assign_app.framework */; };
		B22ED2301F1E06420058D7C0 /* icon-facebook.png in Resources */ = {isa = PBXBuildFile; fileRef = B22ED2241F1E06420058D7C0 /* icon-facebook.png */; };
		B22ED2311F1E06420058D7C0 /* icon-facebook@2x.png in Resources */ = {isa = PBXBuildFile; fileRef = B22ED2251F1E06420058D7C0 /* icon-facebook@2x.png */; };
		B22ED2321F1E06420058D7C0 /* icon-facebook@3x.png in Resources */ = {isa = PBXBuildFile; fileRef = B22ED2261F1E06420058D7C0 /* icon-facebook@3x.png */; };
		B22ED2331F1E06420058D7C0 /* icon-mail.png in Resources */ = {isa = PBXBuildFile; fileRef = B22ED2271F1E06420058D7C0 /* icon-mail.png */; };
		B22ED2341F1E06420058D7C0 /* icon-mail@2x.png in Resources */ = {isa = PBXBuildFile; fileRef = B22ED2281F1E06420058D7C0 /* icon-mail@2x.png */; };
		B22ED2351F1E06420058D7C0 /* icon-mail@3x.png in Resources */ = {isa = PBXBuildFile; fileRef = B22ED2291F1E06420058D7C0 /* icon-mail@3x.png */; };
		B22ED2361F1E06420058D7C0 /* icon-phone.png in Resources */ = {isa = PBXBuildFile; fileRef = B22ED22A1F1E06420058D7C0 /* icon-phone.png */; };
		B22ED2371F1E06420058D7C0 /* icon-phone@2x.png in Resources */ = {isa = PBXBuildFile; fileRef = B22ED22B1F1E06420058D7C0 /* icon-phone@2x.png */; };
		B22ED2381F1E06420058D7C0 /* icon-phone@3x.png in Resources */ = {isa = PBXBuildFile; fileRef = B22ED22C1F1E06420058D7C0 /* icon-phone@3x.png */; };
		B22ED2391F1E06420058D7C0 /* icon-twitter.png in Resources */ = {isa = PBXBuildFile; fileRef = B22ED22D1F1E06420058D7C0 /* icon-twitter.png */; };
		B22ED23A1F1E06420058D7C0 /* icon-twitter@2x.png in Resources */ = {isa = PBXBuildFile; fileRef = B22ED22E1F1E06420058D7C0 /* icon-twitter@2x.png */; };
		B22ED23B1F1E06420058D7C0 /* icon-twitter@3x.png in Resources */ = {isa = PBXBuildFile; fileRef = B22ED22F1F1E06420058D7C0 /* icon-twitter@3x.png */; };
		B2816EAC1ECAE8D100A63186 /* icon-cross@2x.png in Resources */ = {isa = PBXBuildFile; fileRef = B2816EAB1ECAE8D100A63186 /* icon-cross@2x.png */; };
		B28E0A7E1F14181A0007F9DE /* logo-trans@2x.png in Resources */ = {isa = PBXBuildFile; fileRef = B28E0A7C1F14181A0007F9DE /* logo-trans@2x.png */; };
		B28E0A7F1F14181A0007F9DE /* app-logo@2x.png in Resources */ = {isa = PBXBuildFile; fileRef = B28E0A7D1F14181A0007F9DE /* app-logo@2x.png */; };
		B2B56D481F0EE595003A561A /* profile@2x.jpg in Resources */ = {isa = PBXBuildFile; fileRef = B2B56D471F0EE595003A561A /* profile@2x.jpg */; };
		B2D37C621F07DDFA00C3A0BA /* icon-settings@2x.png in Resources */ = {isa = PBXBuildFile; fileRef = B2D37C5D1F07DDFA00C3A0BA /* icon-settings@2x.png */; };
		B2D37C631F07DDFA00C3A0BA /* icon-back@2x.png in Resources */ = {isa = PBXBuildFile; fileRef = B2D37C5E1F07DDFA00C3A0BA /* icon-back@2x.png */; };
		B2D37C641F07DDFA00C3A0BA /* icon-share@2x.png in Resources */ = {isa = PBXBuildFile; fileRef = B2D37C5F1F07DDFA00C3A0BA /* icon-share@2x.png */; };
		B2D37C651F07DDFA00C3A0BA /* icon-add@2x.png in Resources */ = {isa = PBXBuildFile; fileRef = B2D37C601F07DDFA00C3A0BA /* icon-add@2x.png */; };
		B2D37C661F07DDFA00C3A0BA /* icon-search@2x.png in Resources */ = {isa = PBXBuildFile; fileRef = B2D37C611F07DDFA00C3A0BA /* icon-search@2x.png */; };
		B2E010D61F097B18008AF890 /* icon-settings-white@2x.png in Resources */ = {isa = PBXBuildFile; fileRef = B2E010D51F097B18008AF890 /* icon-settings-white@2x.png */; };
		B2E801101F0AF8B70005980B /* icon-cross-white@2x.png in Resources */ = {isa = PBXBuildFile; fileRef = B2E8010F1F0AF8B70005980B /* icon-cross-white@2x.png */; };
		B2E801211F0C1D780005980B /* icon-bar-profile@2x.png in Resources */ = {isa = PBXBuildFile; fileRef = B2E801171F0C1D780005980B /* icon-bar-profile@2x.png */; };
		B2E801221F0C1D780005980B /* icon-bar-notifications@2x.png in Resources */ = {isa = PBXBuildFile; fileRef = B2E801181F0C1D780005980B /* icon-bar-notifications@2x.png */; };
		B2E801231F0C1D780005980B /* icon-bar-add@2x.png in Resources */ = {isa = PBXBuildFile; fileRef = B2E801191F0C1D780005980B /* icon-bar-add@2x.png */; };
		B2E801241F0C1D780005980B /* icon-bar-search@2x.png in Resources */ = {isa = PBXBuildFile; fileRef = B2E8011A1F0C1D780005980B /* icon-bar-search@2x.png */; };
		B2E801251F0C1D780005980B /* icon-bar-add@3x.png in Resources */ = {isa = PBXBuildFile; fileRef = B2E8011B1F0C1D780005980B /* icon-bar-add@3x.png */; };
		B2E801261F0C1D780005980B /* icon-bar-notifications@3x.png in Resources */ = {isa = PBXBuildFile; fileRef = B2E8011C1F0C1D780005980B /* icon-bar-notifications@3x.png */; };
		B2E801271F0C1D780005980B /* icon-bar-profile@3x.png in Resources */ = {isa = PBXBuildFile; fileRef = B2E8011D1F0C1D780005980B /* icon-bar-profile@3x.png */; };
		B2E801281F0C1D780005980B /* icon-bar-search@3x.png in Resources */ = {isa = PBXBuildFile; fileRef = B2E8011E1F0C1D780005980B /* icon-bar-search@3x.png */; };
		B2E801291F0C1D780005980B /* icon-bar-overview@2x.png in Resources */ = {isa = PBXBuildFile; fileRef = B2E8011F1F0C1D780005980B /* icon-bar-overview@2x.png */; };
		B2E8012A1F0C1D780005980B /* icon-bar-overview@3x.png in Resources */ = {isa = PBXBuildFile; fileRef = B2E801201F0C1D780005980B /* icon-bar-overview@3x.png */; };
		D40192A01F3A2DD900879B8C /* UISegmentedControl.swift in Sources */ = {isa = PBXBuildFile; fileRef = D401929F1F3A2DD900879B8C /* UISegmentedControl.swift */; };
		D40192A21F574AAD00879B8C /* Notification.swift in Sources */ = {isa = PBXBuildFile; fileRef = D40192A11F574AAD00879B8C /* Notification.swift */; };
		D41955791ECF023C009575DE /* AuthService.swift in Sources */ = {isa = PBXBuildFile; fileRef = D41955781ECF023C009575DE /* AuthService.swift */; };
		D419557B1ECF0367009575DE /* Storage.swift in Sources */ = {isa = PBXBuildFile; fileRef = D419557A1ECF0367009575DE /* Storage.swift */; };
		D41955821ECF3E6A009575DE /* JWTHandler.swift in Sources */ = {isa = PBXBuildFile; fileRef = D41955811ECF3E6A009575DE /* JWTHandler.swift */; };
		D41955841ECF4288009575DE /* Credentials.swift in Sources */ = {isa = PBXBuildFile; fileRef = D41955831ECF4288009575DE /* Credentials.swift */; };
		D41955861ECF627C009575DE /* JSONDecodable.swift in Sources */ = {isa = PBXBuildFile; fileRef = D41955851ECF627C009575DE /* JSONDecodable.swift */; };
		D44469AA1F7AF8D000810752 /* icon-read@2x.png in Resources */ = {isa = PBXBuildFile; fileRef = D44469A71F7AF8CF00810752 /* icon-read@2x.png */; };
		D44469AB1F7AF8D000810752 /* icon-read@3x.png in Resources */ = {isa = PBXBuildFile; fileRef = D44469A81F7AF8D000810752 /* icon-read@3x.png */; };
		D44469AC1F7AF8D000810752 /* icon-read.png in Resources */ = {isa = PBXBuildFile; fileRef = D44469A91F7AF8D000810752 /* icon-read.png */; };
		D45D2FE91F018FD8002FEBE7 /* StartController.swift in Sources */ = {isa = PBXBuildFile; fileRef = D45D2FE81F018FD8002FEBE7 /* StartController.swift */; };
		D45D2FEB1F01AD8E002FEBE7 /* RegisterController.swift in Sources */ = {isa = PBXBuildFile; fileRef = D45D2FEA1F01AD8E002FEBE7 /* RegisterController.swift */; };
		D45D2FED1F01ADBC002FEBE7 /* PostDetailController.swift in Sources */ = {isa = PBXBuildFile; fileRef = D45D2FEC1F01ADBC002FEBE7 /* PostDetailController.swift */; };
		D45D2FEF1F01ADD1002FEBE7 /* AddPostController.swift in Sources */ = {isa = PBXBuildFile; fileRef = D45D2FEE1F01ADD1002FEBE7 /* AddPostController.swift */; };
		D45D2FF11F02CBA0002FEBE7 /* UIController.swift in Sources */ = {isa = PBXBuildFile; fileRef = D45D2FF01F02CBA0002FEBE7 /* UIController.swift */; };
		D45D2FF41F02D485002FEBE7 /* Add.swift in Sources */ = {isa = PBXBuildFile; fileRef = D45D2FF21F02D485002FEBE7 /* Add.swift */; };
		D45D2FF51F02D485002FEBE7 /* Input.swift in Sources */ = {isa = PBXBuildFile; fileRef = D45D2FF31F02D485002FEBE7 /* Input.swift */; };
		D45D2FF71F02E8FF002FEBE7 /* View.swift in Sources */ = {isa = PBXBuildFile; fileRef = D45D2FF61F02E8FF002FEBE7 /* View.swift */; };
		D46FAADE1F5F3F0400C25344 /* UIColor.swift in Sources */ = {isa = PBXBuildFile; fileRef = D46FAADD1F5F3F0400C25344 /* UIColor.swift */; };
		D46FAAE21F607CEB00C25344 /* OwnPostDetailController.swift in Sources */ = {isa = PBXBuildFile; fileRef = D46FAAE11F607CEB00C25344 /* OwnPostDetailController.swift */; };
		D4C1947F1F1D31A7009A481B /* Reply.swift in Sources */ = {isa = PBXBuildFile; fileRef = D4C1947E1F1D31A7009A481B /* Reply.swift */; };
		D4C194811F1FBAED009A481B /* Social.swift in Sources */ = {isa = PBXBuildFile; fileRef = D4C194801F1FBAED009A481B /* Social.swift */; };
		D4C55DEB1F0A8FF00029E285 /* UIImage.swift in Sources */ = {isa = PBXBuildFile; fileRef = D4C55DEA1F0A8FF00029E285 /* UIImage.swift */; };
		D4C55DED1F0AC3F10029E285 /* PostsRefreshDelegate.swift in Sources */ = {isa = PBXBuildFile; fileRef = D4C55DEC1F0AC3F10029E285 /* PostsRefreshDelegate.swift */; };
		D4C55DF11F0AFFBB0029E285 /* UIButton.swift in Sources */ = {isa = PBXBuildFile; fileRef = D4C55DF01F0AFFBB0029E285 /* UIButton.swift */; };
		D4C828761F03A59200A87D40 /* DateAgo.swift in Sources */ = {isa = PBXBuildFile; fileRef = D4C828751F03A59200A87D40 /* DateAgo.swift */; };
		D4C828781F0445B800A87D40 /* PostSearchController.swift in Sources */ = {isa = PBXBuildFile; fileRef = D4C828771F0445B800A87D40 /* PostSearchController.swift */; };
		D4C8287A1F0501F000A87D40 /* TabBarController.swift in Sources */ = {isa = PBXBuildFile; fileRef = D4C828791F0501F000A87D40 /* TabBarController.swift */; };
		D4C8287C1F05240800A87D40 /* ProfileController.swift in Sources */ = {isa = PBXBuildFile; fileRef = D4C8287B1F05240800A87D40 /* ProfileController.swift */; };
		D4C8287E1F069A0B00A87D40 /* JSONParser.swift in Sources */ = {isa = PBXBuildFile; fileRef = D4C8287D1F069A0B00A87D40 /* JSONParser.swift */; };
		D4C828801F06D4B500A87D40 /* ProfileDetailController.swift in Sources */ = {isa = PBXBuildFile; fileRef = D4C8287F1F06D4B500A87D40 /* ProfileDetailController.swift */; };
		D4D9064F1ECE4A370065B5A5 /* LoginController.swift in Sources */ = {isa = PBXBuildFile; fileRef = D4D9064E1ECE4A370065B5A5 /* LoginController.swift */; };
		D4D906531ECE541A0065B5A5 /* ApiService.swift in Sources */ = {isa = PBXBuildFile; fileRef = D4D906521ECE541A0065B5A5 /* ApiService.swift */; };
		D4EB70AE1ED1D3A4003895C4 /* NetworkManager.swift in Sources */ = {isa = PBXBuildFile; fileRef = D4EB70AD1ED1D3A4003895C4 /* NetworkManager.swift */; };
		D4EEFB001ED1EA610085571B /* PostsController.swift in Sources */ = {isa = PBXBuildFile; fileRef = D4EEFAFF1ED1EA610085571B /* PostsController.swift */; };
		D4EF900E1F083CA300211F04 /* NotificationsController.swift in Sources */ = {isa = PBXBuildFile; fileRef = D4EF900D1F083CA300211F04 /* NotificationsController.swift */; };
		D4EF90101F083D0600211F04 /* SettingsController.swift in Sources */ = {isa = PBXBuildFile; fileRef = D4EF900F1F083D0600211F04 /* SettingsController.swift */; };
/* End PBXBuildFile section */

/* Begin PBXFileReference section */
		15DBE38C839807CADA888864 /* Pods-assign-app.release.xcconfig */ = {isa = PBXFileReference; includeInIndex = 1; lastKnownFileType = text.xcconfig; name = "Pods-assign-app.release.xcconfig"; path = "Pods/Target Support Files/Pods-assign-app/Pods-assign-app.release.xcconfig"; sourceTree = "<group>"; };
		201F96EC1E3154BB0082702E /* User.swift */ = {isa = PBXFileReference; fileEncoding = 4; lastKnownFileType = sourcecode.swift; path = User.swift; sourceTree = "<group>"; };
		201F96EE1E3154F10082702E /* Post.swift */ = {isa = PBXFileReference; fileEncoding = 4; lastKnownFileType = sourcecode.swift; path = Post.swift; sourceTree = "<group>"; };
		20CC17C31E17E1DB006D5A13 /* assign-app.app */ = {isa = PBXFileReference; explicitFileType = wrapper.application; includeInIndex = 0; path = "assign-app.app"; sourceTree = BUILT_PRODUCTS_DIR; };
		20CC17C61E17E1DB006D5A13 /* AppDelegate.swift */ = {isa = PBXFileReference; lastKnownFileType = sourcecode.swift; path = AppDelegate.swift; sourceTree = "<group>"; };
		20CC17CB1E17E1DB006D5A13 /* Base */ = {isa = PBXFileReference; lastKnownFileType = file.storyboard; name = Base; path = Base.lproj/Main.storyboard; sourceTree = "<group>"; };
		20CC17CE1E17E1DB006D5A13 /* assign_app.xcdatamodel */ = {isa = PBXFileReference; lastKnownFileType = wrapper.xcdatamodel; path = assign_app.xcdatamodel; sourceTree = "<group>"; };
		20CC17D01E17E1DB006D5A13 /* Assets.xcassets */ = {isa = PBXFileReference; lastKnownFileType = folder.assetcatalog; path = Assets.xcassets; sourceTree = "<group>"; };
		20CC17D31E17E1DB006D5A13 /* Base */ = {isa = PBXFileReference; lastKnownFileType = file.storyboard; name = Base; path = Base.lproj/LaunchScreen.storyboard; sourceTree = "<group>"; };
		20CC17D51E17E1DB006D5A13 /* Info.plist */ = {isa = PBXFileReference; lastKnownFileType = text.plist.xml; path = Info.plist; sourceTree = "<group>"; };
		20E53ACA1F48708600F65FDE /* assign-app.entitlements */ = {isa = PBXFileReference; lastKnownFileType = text.plist.entitlements; path = "assign-app.entitlements"; sourceTree = "<group>"; };
		20E53ACB1F48866100F65FDE /* GoogleService-Info.plist */ = {isa = PBXFileReference; fileEncoding = 4; lastKnownFileType = text.plist.xml; path = "GoogleService-Info.plist"; sourceTree = "<group>"; };
		6A7B4D5AEA8A177169FE3A2C /* Pods_assign_app.framework */ = {isa = PBXFileReference; explicitFileType = wrapper.framework; includeInIndex = 0; path = Pods_assign_app.framework; sourceTree = BUILT_PRODUCTS_DIR; };
		B22ED2241F1E06420058D7C0 /* icon-facebook.png */ = {isa = PBXFileReference; lastKnownFileType = image.png; path = "icon-facebook.png"; sourceTree = "<group>"; };
		B22ED2251F1E06420058D7C0 /* icon-facebook@2x.png */ = {isa = PBXFileReference; lastKnownFileType = image.png; path = "icon-facebook@2x.png"; sourceTree = "<group>"; };
		B22ED2261F1E06420058D7C0 /* icon-facebook@3x.png */ = {isa = PBXFileReference; lastKnownFileType = image.png; path = "icon-facebook@3x.png"; sourceTree = "<group>"; };
		B22ED2271F1E06420058D7C0 /* icon-mail.png */ = {isa = PBXFileReference; lastKnownFileType = image.png; path = "icon-mail.png"; sourceTree = "<group>"; };
		B22ED2281F1E06420058D7C0 /* icon-mail@2x.png */ = {isa = PBXFileReference; lastKnownFileType = image.png; path = "icon-mail@2x.png"; sourceTree = "<group>"; };
		B22ED2291F1E06420058D7C0 /* icon-mail@3x.png */ = {isa = PBXFileReference; lastKnownFileType = image.png; path = "icon-mail@3x.png"; sourceTree = "<group>"; };
		B22ED22A1F1E06420058D7C0 /* icon-phone.png */ = {isa = PBXFileReference; lastKnownFileType = image.png; path = "icon-phone.png"; sourceTree = "<group>"; };
		B22ED22B1F1E06420058D7C0 /* icon-phone@2x.png */ = {isa = PBXFileReference; lastKnownFileType = image.png; path = "icon-phone@2x.png"; sourceTree = "<group>"; };
		B22ED22C1F1E06420058D7C0 /* icon-phone@3x.png */ = {isa = PBXFileReference; lastKnownFileType = image.png; path = "icon-phone@3x.png"; sourceTree = "<group>"; };
		B22ED22D1F1E06420058D7C0 /* icon-twitter.png */ = {isa = PBXFileReference; lastKnownFileType = image.png; path = "icon-twitter.png"; sourceTree = "<group>"; };
		B22ED22E1F1E06420058D7C0 /* icon-twitter@2x.png */ = {isa = PBXFileReference; lastKnownFileType = image.png; path = "icon-twitter@2x.png"; sourceTree = "<group>"; };
		B22ED22F1F1E06420058D7C0 /* icon-twitter@3x.png */ = {isa = PBXFileReference; lastKnownFileType = image.png; path = "icon-twitter@3x.png"; sourceTree = "<group>"; };
		B2816EAB1ECAE8D100A63186 /* icon-cross@2x.png */ = {isa = PBXFileReference; lastKnownFileType = image.png; path = "icon-cross@2x.png"; sourceTree = "<group>"; };
		B28E0A7C1F14181A0007F9DE /* logo-trans@2x.png */ = {isa = PBXFileReference; lastKnownFileType = image.png; path = "logo-trans@2x.png"; sourceTree = "<group>"; };
		B28E0A7D1F14181A0007F9DE /* app-logo@2x.png */ = {isa = PBXFileReference; lastKnownFileType = image.png; path = "app-logo@2x.png"; sourceTree = "<group>"; };
		B2B56D471F0EE595003A561A /* profile@2x.jpg */ = {isa = PBXFileReference; lastKnownFileType = image.jpeg; path = "profile@2x.jpg"; sourceTree = "<group>"; };
		B2D37C5D1F07DDFA00C3A0BA /* icon-settings@2x.png */ = {isa = PBXFileReference; lastKnownFileType = image.png; path = "icon-settings@2x.png"; sourceTree = "<group>"; };
		B2D37C5E1F07DDFA00C3A0BA /* icon-back@2x.png */ = {isa = PBXFileReference; lastKnownFileType = image.png; path = "icon-back@2x.png"; sourceTree = "<group>"; };
		B2D37C5F1F07DDFA00C3A0BA /* icon-share@2x.png */ = {isa = PBXFileReference; lastKnownFileType = image.png; path = "icon-share@2x.png"; sourceTree = "<group>"; };
		B2D37C601F07DDFA00C3A0BA /* icon-add@2x.png */ = {isa = PBXFileReference; lastKnownFileType = image.png; path = "icon-add@2x.png"; sourceTree = "<group>"; };
		B2D37C611F07DDFA00C3A0BA /* icon-search@2x.png */ = {isa = PBXFileReference; lastKnownFileType = image.png; path = "icon-search@2x.png"; sourceTree = "<group>"; };
		B2E010D51F097B18008AF890 /* icon-settings-white@2x.png */ = {isa = PBXFileReference; lastKnownFileType = image.png; path = "icon-settings-white@2x.png"; sourceTree = "<group>"; };
		B2E8010F1F0AF8B70005980B /* icon-cross-white@2x.png */ = {isa = PBXFileReference; lastKnownFileType = image.png; path = "icon-cross-white@2x.png"; sourceTree = "<group>"; };
		B2E801171F0C1D780005980B /* icon-bar-profile@2x.png */ = {isa = PBXFileReference; lastKnownFileType = image.png; path = "icon-bar-profile@2x.png"; sourceTree = "<group>"; };
		B2E801181F0C1D780005980B /* icon-bar-notifications@2x.png */ = {isa = PBXFileReference; lastKnownFileType = image.png; path = "icon-bar-notifications@2x.png"; sourceTree = "<group>"; };
		B2E801191F0C1D780005980B /* icon-bar-add@2x.png */ = {isa = PBXFileReference; lastKnownFileType = image.png; path = "icon-bar-add@2x.png"; sourceTree = "<group>"; };
		B2E8011A1F0C1D780005980B /* icon-bar-search@2x.png */ = {isa = PBXFileReference; lastKnownFileType = image.png; path = "icon-bar-search@2x.png"; sourceTree = "<group>"; };
		B2E8011B1F0C1D780005980B /* icon-bar-add@3x.png */ = {isa = PBXFileReference; lastKnownFileType = image.png; path = "icon-bar-add@3x.png"; sourceTree = "<group>"; };
		B2E8011C1F0C1D780005980B /* icon-bar-notifications@3x.png */ = {isa = PBXFileReference; lastKnownFileType = image.png; path = "icon-bar-notifications@3x.png"; sourceTree = "<group>"; };
		B2E8011D1F0C1D780005980B /* icon-bar-profile@3x.png */ = {isa = PBXFileReference; lastKnownFileType = image.png; path = "icon-bar-profile@3x.png"; sourceTree = "<group>"; };
		B2E8011E1F0C1D780005980B /* icon-bar-search@3x.png */ = {isa = PBXFileReference; lastKnownFileType = image.png; path = "icon-bar-search@3x.png"; sourceTree = "<group>"; };
		B2E8011F1F0C1D780005980B /* icon-bar-overview@2x.png */ = {isa = PBXFileReference; lastKnownFileType = image.png; path = "icon-bar-overview@2x.png"; sourceTree = "<group>"; };
		B2E801201F0C1D780005980B /* icon-bar-overview@3x.png */ = {isa = PBXFileReference; lastKnownFileType = image.png; path = "icon-bar-overview@3x.png"; sourceTree = "<group>"; };
		CB18BEEBDCC82AD67CD88980 /* Pods-assign-app.debug.xcconfig */ = {isa = PBXFileReference; includeInIndex = 1; lastKnownFileType = text.xcconfig; name = "Pods-assign-app.debug.xcconfig"; path = "Pods/Target Support Files/Pods-assign-app/Pods-assign-app.debug.xcconfig"; sourceTree = "<group>"; };
		D401929F1F3A2DD900879B8C /* UISegmentedControl.swift */ = {isa = PBXFileReference; fileEncoding = 4; lastKnownFileType = sourcecode.swift; path = UISegmentedControl.swift; sourceTree = "<group>"; };
		D40192A11F574AAD00879B8C /* Notification.swift */ = {isa = PBXFileReference; fileEncoding = 4; lastKnownFileType = sourcecode.swift; path = Notification.swift; sourceTree = "<group>"; };
		D41955781ECF023C009575DE /* AuthService.swift */ = {isa = PBXFileReference; fileEncoding = 4; lastKnownFileType = sourcecode.swift; path = AuthService.swift; sourceTree = "<group>"; };
		D419557A1ECF0367009575DE /* Storage.swift */ = {isa = PBXFileReference; fileEncoding = 4; lastKnownFileType = sourcecode.swift; path = Storage.swift; sourceTree = "<group>"; };
		D419557E1ECF1BCD009575DE /* Bridging.h */ = {isa = PBXFileReference; lastKnownFileType = sourcecode.c.h; path = Bridging.h; sourceTree = "<group>"; };
		D41955811ECF3E6A009575DE /* JWTHandler.swift */ = {isa = PBXFileReference; fileEncoding = 4; lastKnownFileType = sourcecode.swift; path = JWTHandler.swift; sourceTree = "<group>"; };
		D41955831ECF4288009575DE /* Credentials.swift */ = {isa = PBXFileReference; fileEncoding = 4; lastKnownFileType = sourcecode.swift; path = Credentials.swift; sourceTree = "<group>"; };
		D41955851ECF627C009575DE /* JSONDecodable.swift */ = {isa = PBXFileReference; fileEncoding = 4; lastKnownFileType = sourcecode.swift; path = JSONDecodable.swift; sourceTree = "<group>"; };
		D44469A71F7AF8CF00810752 /* icon-read@2x.png */ = {isa = PBXFileReference; lastKnownFileType = image.png; name = "icon-read@2x.png"; path = "../../../../../Downloads/icon-read@2x.png"; sourceTree = "<group>"; };
		D44469A81F7AF8D000810752 /* icon-read@3x.png */ = {isa = PBXFileReference; lastKnownFileType = image.png; name = "icon-read@3x.png"; path = "../../../../../Downloads/icon-read@3x.png"; sourceTree = "<group>"; };
		D44469A91F7AF8D000810752 /* icon-read.png */ = {isa = PBXFileReference; lastKnownFileType = image.png; name = "icon-read.png"; path = "../../../../../Downloads/icon-read.png"; sourceTree = "<group>"; };
		D45D2FE81F018FD8002FEBE7 /* StartController.swift */ = {isa = PBXFileReference; fileEncoding = 4; lastKnownFileType = sourcecode.swift; path = StartController.swift; sourceTree = "<group>"; };
		D45D2FEA1F01AD8E002FEBE7 /* RegisterController.swift */ = {isa = PBXFileReference; fileEncoding = 4; lastKnownFileType = sourcecode.swift; path = RegisterController.swift; sourceTree = "<group>"; };
		D45D2FEC1F01ADBC002FEBE7 /* PostDetailController.swift */ = {isa = PBXFileReference; fileEncoding = 4; lastKnownFileType = sourcecode.swift; path = PostDetailController.swift; sourceTree = "<group>"; };
		D45D2FEE1F01ADD1002FEBE7 /* AddPostController.swift */ = {isa = PBXFileReference; fileEncoding = 4; lastKnownFileType = sourcecode.swift; path = AddPostController.swift; sourceTree = "<group>"; };
		D45D2FF01F02CBA0002FEBE7 /* UIController.swift */ = {isa = PBXFileReference; fileEncoding = 4; lastKnownFileType = sourcecode.swift; path = UIController.swift; sourceTree = "<group>"; };
		D45D2FF21F02D485002FEBE7 /* Add.swift */ = {isa = PBXFileReference; fileEncoding = 4; lastKnownFileType = sourcecode.swift; path = Add.swift; sourceTree = "<group>"; };
		D45D2FF31F02D485002FEBE7 /* Input.swift */ = {isa = PBXFileReference; fileEncoding = 4; lastKnownFileType = sourcecode.swift; path = Input.swift; sourceTree = "<group>"; };
		D45D2FF61F02E8FF002FEBE7 /* View.swift */ = {isa = PBXFileReference; fileEncoding = 4; lastKnownFileType = sourcecode.swift; path = View.swift; sourceTree = "<group>"; };
		D46FAADD1F5F3F0400C25344 /* UIColor.swift */ = {isa = PBXFileReference; fileEncoding = 4; lastKnownFileType = sourcecode.swift; path = UIColor.swift; sourceTree = "<group>"; };
		D46FAAE11F607CEB00C25344 /* OwnPostDetailController.swift */ = {isa = PBXFileReference; fileEncoding = 4; lastKnownFileType = sourcecode.swift; path = OwnPostDetailController.swift; sourceTree = "<group>"; };
		D4C1947E1F1D31A7009A481B /* Reply.swift */ = {isa = PBXFileReference; fileEncoding = 4; lastKnownFileType = sourcecode.swift; path = Reply.swift; sourceTree = "<group>"; };
		D4C194801F1FBAED009A481B /* Social.swift */ = {isa = PBXFileReference; fileEncoding = 4; lastKnownFileType = sourcecode.swift; path = Social.swift; sourceTree = "<group>"; };
		D4C55DEA1F0A8FF00029E285 /* UIImage.swift */ = {isa = PBXFileReference; fileEncoding = 4; lastKnownFileType = sourcecode.swift; path = UIImage.swift; sourceTree = "<group>"; };
		D4C55DEC1F0AC3F10029E285 /* PostsRefreshDelegate.swift */ = {isa = PBXFileReference; fileEncoding = 4; lastKnownFileType = sourcecode.swift; path = PostsRefreshDelegate.swift; sourceTree = "<group>"; };
		D4C55DF01F0AFFBB0029E285 /* UIButton.swift */ = {isa = PBXFileReference; fileEncoding = 4; lastKnownFileType = sourcecode.swift; path = UIButton.swift; sourceTree = "<group>"; };
		D4C828751F03A59200A87D40 /* DateAgo.swift */ = {isa = PBXFileReference; fileEncoding = 4; lastKnownFileType = sourcecode.swift; path = DateAgo.swift; sourceTree = "<group>"; };
		D4C828771F0445B800A87D40 /* PostSearchController.swift */ = {isa = PBXFileReference; fileEncoding = 4; lastKnownFileType = sourcecode.swift; path = PostSearchController.swift; sourceTree = "<group>"; };
		D4C828791F0501F000A87D40 /* TabBarController.swift */ = {isa = PBXFileReference; fileEncoding = 4; lastKnownFileType = sourcecode.swift; path = TabBarController.swift; sourceTree = "<group>"; };
		D4C8287B1F05240800A87D40 /* ProfileController.swift */ = {isa = PBXFileReference; fileEncoding = 4; lastKnownFileType = sourcecode.swift; path = ProfileController.swift; sourceTree = "<group>"; };
		D4C8287D1F069A0B00A87D40 /* JSONParser.swift */ = {isa = PBXFileReference; fileEncoding = 4; lastKnownFileType = sourcecode.swift; path = JSONParser.swift; sourceTree = "<group>"; };
		D4C8287F1F06D4B500A87D40 /* ProfileDetailController.swift */ = {isa = PBXFileReference; fileEncoding = 4; lastKnownFileType = sourcecode.swift; path = ProfileDetailController.swift; sourceTree = "<group>"; };
		D4D9064E1ECE4A370065B5A5 /* LoginController.swift */ = {isa = PBXFileReference; fileEncoding = 4; lastKnownFileType = sourcecode.swift; path = LoginController.swift; sourceTree = "<group>"; };
		D4D906521ECE541A0065B5A5 /* ApiService.swift */ = {isa = PBXFileReference; fileEncoding = 4; lastKnownFileType = sourcecode.swift; path = ApiService.swift; sourceTree = "<group>"; };
		D4EB70AD1ED1D3A4003895C4 /* NetworkManager.swift */ = {isa = PBXFileReference; fileEncoding = 4; lastKnownFileType = sourcecode.swift; path = NetworkManager.swift; sourceTree = "<group>"; };
		D4EEFAFF1ED1EA610085571B /* PostsController.swift */ = {isa = PBXFileReference; fileEncoding = 4; lastKnownFileType = sourcecode.swift; path = PostsController.swift; sourceTree = "<group>"; };
		D4EF900D1F083CA300211F04 /* NotificationsController.swift */ = {isa = PBXFileReference; fileEncoding = 4; lastKnownFileType = sourcecode.swift; path = NotificationsController.swift; sourceTree = "<group>"; };
		D4EF900F1F083D0600211F04 /* SettingsController.swift */ = {isa = PBXFileReference; fileEncoding = 4; lastKnownFileType = sourcecode.swift; path = SettingsController.swift; sourceTree = "<group>"; };
/* End PBXFileReference section */

/* Begin PBXFrameworksBuildPhase section */
		20CC17C01E17E1DA006D5A13 /* Frameworks */ = {
			isa = PBXFrameworksBuildPhase;
			buildActionMask = 2147483647;
			files = (
				2EDC80EB9C4A797B23A47EA8 /* Pods_assign_app.framework in Frameworks */,
			);
			runOnlyForDeploymentPostprocessing = 0;
		};
/* End PBXFrameworksBuildPhase section */

/* Begin PBXGroup section */
		2013FC341E2D5C3200C85F5D /* Controllers */ = {
			isa = PBXGroup;
			children = (
				D4EF901C1F08FE1900211F04 /* Notifications */,
				D4EF901B1F08FDCD00211F04 /* Profile */,
				D4EF901A1F08FD9A00211F04 /* Posts */,
				D45D2FE81F018FD8002FEBE7 /* StartController.swift */,
				D4D9064E1ECE4A370065B5A5 /* LoginController.swift */,
				D45D2FEA1F01AD8E002FEBE7 /* RegisterController.swift */,
				D4C828791F0501F000A87D40 /* TabBarController.swift */,
			);
			name = Controllers;
			sourceTree = "<group>";
		};
		201F96EB1E31547C0082702E /* Models */ = {
			isa = PBXGroup;
			children = (
				201F96EC1E3154BB0082702E /* User.swift */,
				201F96EE1E3154F10082702E /* Post.swift */,
				D41955831ECF4288009575DE /* Credentials.swift */,
				D4C8287D1F069A0B00A87D40 /* JSONParser.swift */,
				D41955851ECF627C009575DE /* JSONDecodable.swift */,
				D4C1947E1F1D31A7009A481B /* Reply.swift */,
				D4C194801F1FBAED009A481B /* Social.swift */,
				D40192A11F574AAD00879B8C /* Notification.swift */,
			);
			name = Models;
			sourceTree = "<group>";
		};
		20CC17BA1E17E1D9006D5A13 = {
			isa = PBXGroup;
			children = (
				20CC17C51E17E1DB006D5A13 /* assign-app */,
				20CC17C41E17E1DB006D5A13 /* Products */,
				79FF4654951F6125CC681AEB /* Pods */,
				5D41D0B5F70B3FFAFC7F11A3 /* Frameworks */,
			);
			sourceTree = "<group>";
		};
		20CC17C41E17E1DB006D5A13 /* Products */ = {
			isa = PBXGroup;
			children = (
				20CC17C31E17E1DB006D5A13 /* assign-app.app */,
			);
			name = Products;
			sourceTree = "<group>";
		};
		20CC17C51E17E1DB006D5A13 /* assign-app */ = {
			isa = PBXGroup;
			children = (
				20E53ACB1F48866100F65FDE /* GoogleService-Info.plist */,
				20E53ACA1F48708600F65FDE /* assign-app.entitlements */,
				D4EB70AF1ED1E55F003895C4 /* UI */,
				201F96EB1E31547C0082702E /* Models */,
				2013FC341E2D5C3200C85F5D /* Controllers */,
				D4D906511ECE53F50065B5A5 /* Services */,
				D4C828741F03A54000A87D40 /* Extensions */,
				20CC17C61E17E1DB006D5A13 /* AppDelegate.swift */,
				20CC17CA1E17E1DB006D5A13 /* Main.storyboard */,
				20CC17D01E17E1DB006D5A13 /* Assets.xcassets */,
				20CC17D21E17E1DB006D5A13 /* LaunchScreen.storyboard */,
				D419557E1ECF1BCD009575DE /* Bridging.h */,
				20CC17D51E17E1DB006D5A13 /* Info.plist */,
				20CC17CD1E17E1DB006D5A13 /* assign_app.xcdatamodeld */,
			);
			path = "assign-app";
			sourceTree = "<group>";
		};
		5D41D0B5F70B3FFAFC7F11A3 /* Frameworks */ = {
			isa = PBXGroup;
			children = (
				6A7B4D5AEA8A177169FE3A2C /* Pods_assign_app.framework */,
			);
			name = Frameworks;
			sourceTree = "<group>";
		};
		79FF4654951F6125CC681AEB /* Pods */ = {
			isa = PBXGroup;
			children = (
				CB18BEEBDCC82AD67CD88980 /* Pods-assign-app.debug.xcconfig */,
				15DBE38C839807CADA888864 /* Pods-assign-app.release.xcconfig */,
			);
			name = Pods;
			sourceTree = "<group>";
		};
		D4C828741F03A54000A87D40 /* Extensions */ = {
			isa = PBXGroup;
			children = (
				D45D2FF01F02CBA0002FEBE7 /* UIController.swift */,
				D4C828751F03A59200A87D40 /* DateAgo.swift */,
				D4C55DEA1F0A8FF00029E285 /* UIImage.swift */,
				D4C55DEC1F0AC3F10029E285 /* PostsRefreshDelegate.swift */,
				D4C55DF01F0AFFBB0029E285 /* UIButton.swift */,
				D401929F1F3A2DD900879B8C /* UISegmentedControl.swift */,
				D46FAADD1F5F3F0400C25344 /* UIColor.swift */,
			);
			name = Extensions;
			sourceTree = "<group>";
		};
		D4D906511ECE53F50065B5A5 /* Services */ = {
			isa = PBXGroup;
			children = (
				D419557A1ECF0367009575DE /* Storage.swift */,
				D4D906521ECE541A0065B5A5 /* ApiService.swift */,
				D41955781ECF023C009575DE /* AuthService.swift */,
				D41955811ECF3E6A009575DE /* JWTHandler.swift */,
				D4EB70AD1ED1D3A4003895C4 /* NetworkManager.swift */,
			);
			name = Services;
			sourceTree = "<group>";
		};
		D4EB70AF1ED1E55F003895C4 /* UI */ = {
			isa = PBXGroup;
			children = (
				D4EB70B01ED1E57B003895C4 /* img */,
				D45D2FF61F02E8FF002FEBE7 /* View.swift */,
				D45D2FF21F02D485002FEBE7 /* Add.swift */,
				D45D2FF31F02D485002FEBE7 /* Input.swift */,
			);
			name = UI;
			sourceTree = "<group>";
		};
		D4EB70B01ED1E57B003895C4 /* img */ = {
			isa = PBXGroup;
			children = (
				D44469A91F7AF8D000810752 /* icon-read.png */,
				D44469A71F7AF8CF00810752 /* icon-read@2x.png */,
				D44469A81F7AF8D000810752 /* icon-read@3x.png */,
				B28E0A7D1F14181A0007F9DE /* app-logo@2x.png */,
				B28E0A7C1F14181A0007F9DE /* logo-trans@2x.png */,
				B2B56D471F0EE595003A561A /* profile@2x.jpg */,
				B2E8011D1F0C1D780005980B /* icon-bar-profile@3x.png */,
				B2E801171F0C1D780005980B /* icon-bar-profile@2x.png */,
				B2E8011C1F0C1D780005980B /* icon-bar-notifications@3x.png */,
				B2E801181F0C1D780005980B /* icon-bar-notifications@2x.png */,
				B2E8011B1F0C1D780005980B /* icon-bar-add@3x.png */,
				B2E801191F0C1D780005980B /* icon-bar-add@2x.png */,
				B2E8011E1F0C1D780005980B /* icon-bar-search@3x.png */,
				B2E8011A1F0C1D780005980B /* icon-bar-search@2x.png */,
				B2E801201F0C1D780005980B /* icon-bar-overview@3x.png */,
				B2E8011F1F0C1D780005980B /* icon-bar-overview@2x.png */,
				B22ED2241F1E06420058D7C0 /* icon-facebook.png */,
				B22ED2251F1E06420058D7C0 /* icon-facebook@2x.png */,
				B22ED2261F1E06420058D7C0 /* icon-facebook@3x.png */,
				B22ED2271F1E06420058D7C0 /* icon-mail.png */,
				B22ED2281F1E06420058D7C0 /* icon-mail@2x.png */,
				B22ED2291F1E06420058D7C0 /* icon-mail@3x.png */,
				B22ED22A1F1E06420058D7C0 /* icon-phone.png */,
				B22ED22B1F1E06420058D7C0 /* icon-phone@2x.png */,
				B22ED22C1F1E06420058D7C0 /* icon-phone@3x.png */,
				B22ED22D1F1E06420058D7C0 /* icon-twitter.png */,
				B22ED22E1F1E06420058D7C0 /* icon-twitter@2x.png */,
				B22ED22F1F1E06420058D7C0 /* icon-twitter@3x.png */,
				B2D37C5D1F07DDFA00C3A0BA /* icon-settings@2x.png */,
				B2E010D51F097B18008AF890 /* icon-settings-white@2x.png */,
				B2D37C5E1F07DDFA00C3A0BA /* icon-back@2x.png */,
				B2D37C5F1F07DDFA00C3A0BA /* icon-share@2x.png */,
				B2D37C601F07DDFA00C3A0BA /* icon-add@2x.png */,
				B2D37C611F07DDFA00C3A0BA /* icon-search@2x.png */,
				B2816EAB1ECAE8D100A63186 /* icon-cross@2x.png */,
				B2E8010F1F0AF8B70005980B /* icon-cross-white@2x.png */,
			);
			name = img;
			sourceTree = "<group>";
		};
		D4EF901A1F08FD9A00211F04 /* Posts */ = {
			isa = PBXGroup;
			children = (
				D4EEFAFF1ED1EA610085571B /* PostsController.swift */,
				D4C828771F0445B800A87D40 /* PostSearchController.swift */,
				D45D2FEE1F01ADD1002FEBE7 /* AddPostController.swift */,
				D45D2FEC1F01ADBC002FEBE7 /* PostDetailController.swift */,
				D4C8287F1F06D4B500A87D40 /* ProfileDetailController.swift */,
				D46FAAE11F607CEB00C25344 /* OwnPostDetailController.swift */,
			);
			name = Posts;
			sourceTree = "<group>";
		};
		D4EF901B1F08FDCD00211F04 /* Profile */ = {
			isa = PBXGroup;
			children = (
				D4C8287B1F05240800A87D40 /* ProfileController.swift */,
				D4EF900F1F083D0600211F04 /* SettingsController.swift */,
			);
			name = Profile;
			sourceTree = "<group>";
		};
		D4EF901C1F08FE1900211F04 /* Notifications */ = {
			isa = PBXGroup;
			children = (
				D4EF900D1F083CA300211F04 /* NotificationsController.swift */,
			);
			name = Notifications;
			sourceTree = "<group>";
		};
/* End PBXGroup section */

/* Begin PBXNativeTarget section */
		20CC17C21E17E1DA006D5A13 /* assign-app */ = {
			isa = PBXNativeTarget;
			buildConfigurationList = 20CC17D81E17E1DB006D5A13 /* Build configuration list for PBXNativeTarget "assign-app" */;
			buildPhases = (
				104DE02CB2390B9877FCEBDC /* [CP] Check Pods Manifest.lock */,
				20CC17BF1E17E1DA006D5A13 /* Sources */,
				20CC17C01E17E1DA006D5A13 /* Frameworks */,
				20CC17C11E17E1DA006D5A13 /* Resources */,
				611D9E299F230D1534DC4279 /* [CP] Embed Pods Frameworks */,
				41C035827BD3E0E0E4B8F7C3 /* [CP] Copy Pods Resources */,
			);
			buildRules = (
			);
			dependencies = (
			);
			name = "assign-app";
			productName = "assign-app";
			productReference = 20CC17C31E17E1DB006D5A13 /* assign-app.app */;
			productType = "com.apple.product-type.application";
		};
/* End PBXNativeTarget section */

/* Begin PBXProject section */
		20CC17BB1E17E1DA006D5A13 /* Project object */ = {
			isa = PBXProject;
			attributes = {
				KnownAssetTags = (
					date,
				);
				LastSwiftUpdateCheck = 0800;
				LastUpgradeCheck = 0820;
				ORGANIZATIONNAME = Assign;
				TargetAttributes = {
					20CC17C21E17E1DA006D5A13 = {
						CreatedOnToolsVersion = 8.0;
						DevelopmentTeam = 5HHL669K7E;
						ProvisioningStyle = Automatic;
						SystemCapabilities = {
							com.apple.BackgroundModes = {
								enabled = 0;
							};
							com.apple.Push = {
								enabled = 1;
							};
						};
					};
				};
			};
			buildConfigurationList = 20CC17BE1E17E1DA006D5A13 /* Build configuration list for PBXProject "assign-app" */;
			compatibilityVersion = "Xcode 3.2";
			developmentRegion = English;
			hasScannedForEncodings = 0;
			knownRegions = (
				en,
				Base,
			);
			mainGroup = 20CC17BA1E17E1D9006D5A13;
			productRefGroup = 20CC17C41E17E1DB006D5A13 /* Products */;
			projectDirPath = "";
			projectRoot = "";
			targets = (
				20CC17C21E17E1DA006D5A13 /* assign-app */,
			);
		};
/* End PBXProject section */

/* Begin PBXResourcesBuildPhase section */
		20CC17C11E17E1DA006D5A13 /* Resources */ = {
			isa = PBXResourcesBuildPhase;
			buildActionMask = 2147483647;
			files = (
				B2D37C621F07DDFA00C3A0BA /* icon-settings@2x.png in Resources */,
				B22ED2331F1E06420058D7C0 /* icon-mail.png in Resources */,
				20CC17D41E17E1DB006D5A13 /* LaunchScreen.storyboard in Resources */,
				B22ED2341F1E06420058D7C0 /* icon-mail@2x.png in Resources */,
				B2D37C631F07DDFA00C3A0BA /* icon-back@2x.png in Resources */,
				B2D37C641F07DDFA00C3A0BA /* icon-share@2x.png in Resources */,
				20E53ACC1F48866100F65FDE /* GoogleService-Info.plist in Resources */,
				B2E801101F0AF8B70005980B /* icon-cross-white@2x.png in Resources */,
				B2E801271F0C1D780005980B /* icon-bar-profile@3x.png in Resources */,
				B22ED2391F1E06420058D7C0 /* icon-twitter.png in Resources */,
				B22ED2381F1E06420058D7C0 /* icon-phone@3x.png in Resources */,
				B2816EAC1ECAE8D100A63186 /* icon-cross@2x.png in Resources */,
				B2E801241F0C1D780005980B /* icon-bar-search@2x.png in Resources */,
				B2E801251F0C1D780005980B /* icon-bar-add@3x.png in Resources */,
				B22ED2351F1E06420058D7C0 /* icon-mail@3x.png in Resources */,
				B22ED23B1F1E06420058D7C0 /* icon-twitter@3x.png in Resources */,
				B2D37C661F07DDFA00C3A0BA /* icon-search@2x.png in Resources */,
				B2E801221F0C1D780005980B /* icon-bar-notifications@2x.png in Resources */,
				D44469AC1F7AF8D000810752 /* icon-read.png in Resources */,
				B2E801261F0C1D780005980B /* icon-bar-notifications@3x.png in Resources */,
				B2D37C651F07DDFA00C3A0BA /* icon-add@2x.png in Resources */,
				D44469AB1F7AF8D000810752 /* icon-read@3x.png in Resources */,
				B2B56D481F0EE595003A561A /* profile@2x.jpg in Resources */,
				B2E010D61F097B18008AF890 /* icon-settings-white@2x.png in Resources */,
				B22ED2321F1E06420058D7C0 /* icon-facebook@3x.png in Resources */,
				B2E801231F0C1D780005980B /* icon-bar-add@2x.png in Resources */,
				B22ED2301F1E06420058D7C0 /* icon-facebook.png in Resources */,
				B2E801291F0C1D780005980B /* icon-bar-overview@2x.png in Resources */,
				B28E0A7E1F14181A0007F9DE /* logo-trans@2x.png in Resources */,
				20CC17D11E17E1DB006D5A13 /* Assets.xcassets in Resources */,
				B2E8012A1F0C1D780005980B /* icon-bar-overview@3x.png in Resources */,
				B22ED2311F1E06420058D7C0 /* icon-facebook@2x.png in Resources */,
				B22ED23A1F1E06420058D7C0 /* icon-twitter@2x.png in Resources */,
				B2E801211F0C1D780005980B /* icon-bar-profile@2x.png in Resources */,
				B22ED2361F1E06420058D7C0 /* icon-phone.png in Resources */,
				20CC17CC1E17E1DB006D5A13 /* Main.storyboard in Resources */,
				B2E801281F0C1D780005980B /* icon-bar-search@3x.png in Resources */,
				B22ED2371F1E06420058D7C0 /* icon-phone@2x.png in Resources */,
				B28E0A7F1F14181A0007F9DE /* app-logo@2x.png in Resources */,
				D44469AA1F7AF8D000810752 /* icon-read@2x.png in Resources */,
			);
			runOnlyForDeploymentPostprocessing = 0;
		};
/* End PBXResourcesBuildPhase section */

/* Begin PBXShellScriptBuildPhase section */
		104DE02CB2390B9877FCEBDC /* [CP] Check Pods Manifest.lock */ = {
			isa = PBXShellScriptBuildPhase;
			buildActionMask = 2147483647;
			files = (
			);
			inputPaths = (
				"${PODS_PODFILE_DIR_PATH}/Podfile.lock",
				"${PODS_ROOT}/Manifest.lock",
			);
			name = "[CP] Check Pods Manifest.lock";
			outputPaths = (
				"$(DERIVED_FILE_DIR)/Pods-assign-app-checkManifestLockResult.txt",
			);
			runOnlyForDeploymentPostprocessing = 0;
			shellPath = /bin/sh;
			shellScript = "diff \"${PODS_PODFILE_DIR_PATH}/Podfile.lock\" \"${PODS_ROOT}/Manifest.lock\" > /dev/null\nif [ $? != 0 ] ; then\n    # print error to STDERR\n    echo \"error: The sandbox is not in sync with the Podfile.lock. Run 'pod install' or update your CocoaPods installation.\" >&2\n    exit 1\nfi\n# This output is used by Xcode 'outputs' to avoid re-running this script phase.\necho \"SUCCESS\" > \"${SCRIPT_OUTPUT_FILE_0}\"\n";
			showEnvVarsInLog = 0;
		};
		41C035827BD3E0E0E4B8F7C3 /* [CP] Copy Pods Resources */ = {
			isa = PBXShellScriptBuildPhase;
			buildActionMask = 2147483647;
			files = (
			);
			inputPaths = (
			);
			name = "[CP] Copy Pods Resources";
			outputPaths = (
			);
			runOnlyForDeploymentPostprocessing = 0;
			shellPath = /bin/sh;
			shellScript = "\"${SRCROOT}/Pods/Target Support Files/Pods-assign-app/Pods-assign-app-resources.sh\"\n";
			showEnvVarsInLog = 0;
		};
		611D9E299F230D1534DC4279 /* [CP] Embed Pods Frameworks */ = {
			isa = PBXShellScriptBuildPhase;
			buildActionMask = 2147483647;
			files = (
			);
			inputPaths = (
				"${SRCROOT}/Pods/Target Support Files/Pods-assign-app/Pods-assign-app-frameworks.sh",
				"${BUILT_PRODUCTS_DIR}/Alamofire/Alamofire.framework",
				"${BUILT_PRODUCTS_DIR}/AlamofireImage/AlamofireImage.framework",
				"${BUILT_PRODUCTS_DIR}/GoogleToolboxForMac/GoogleToolboxForMac.framework",
				"${BUILT_PRODUCTS_DIR}/Protobuf/Protobuf.framework",
				"${BUILT_PRODUCTS_DIR}/nanopb/nanopb.framework",
			);
			name = "[CP] Embed Pods Frameworks";
			outputPaths = (
				"${TARGET_BUILD_DIR}/${FRAMEWORKS_FOLDER_PATH}/Alamofire.framework",
				"${TARGET_BUILD_DIR}/${FRAMEWORKS_FOLDER_PATH}/AlamofireImage.framework",
				"${TARGET_BUILD_DIR}/${FRAMEWORKS_FOLDER_PATH}/GoogleToolboxForMac.framework",
				"${TARGET_BUILD_DIR}/${FRAMEWORKS_FOLDER_PATH}/Protobuf.framework",
				"${TARGET_BUILD_DIR}/${FRAMEWORKS_FOLDER_PATH}/nanopb.framework",
			);
			runOnlyForDeploymentPostprocessing = 0;
			shellPath = /bin/sh;
			shellScript = "\"${SRCROOT}/Pods/Target Support Files/Pods-assign-app/Pods-assign-app-frameworks.sh\"\n";
			showEnvVarsInLog = 0;
		};
/* End PBXShellScriptBuildPhase section */

/* Begin PBXSourcesBuildPhase section */
		20CC17BF1E17E1DA006D5A13 /* Sources */ = {
			isa = PBXSourcesBuildPhase;
			buildActionMask = 2147483647;
			files = (
				D45D2FF51F02D485002FEBE7 /* Input.swift in Sources */,
				D41955821ECF3E6A009575DE /* JWTHandler.swift in Sources */,
				D4C55DED1F0AC3F10029E285 /* PostsRefreshDelegate.swift in Sources */,
				D4C55DF11F0AFFBB0029E285 /* UIButton.swift in Sources */,
				D45D2FEF1F01ADD1002FEBE7 /* AddPostController.swift in Sources */,
				201F96EF1E3154F10082702E /* Post.swift in Sources */,
				D4EB70AE1ED1D3A4003895C4 /* NetworkManager.swift in Sources */,
				D4C8287C1F05240800A87D40 /* ProfileController.swift in Sources */,
				D4EF90101F083D0600211F04 /* SettingsController.swift in Sources */,
				D4C828781F0445B800A87D40 /* PostSearchController.swift in Sources */,
				D4C828801F06D4B500A87D40 /* ProfileDetailController.swift in Sources */,
				20CC17C71E17E1DB006D5A13 /* AppDelegate.swift in Sources */,
				D4D9064F1ECE4A370065B5A5 /* LoginController.swift in Sources */,
				D40192A01F3A2DD900879B8C /* UISegmentedControl.swift in Sources */,
				D41955861ECF627C009575DE /* JSONDecodable.swift in Sources */,
				D4EF900E1F083CA300211F04 /* NotificationsController.swift in Sources */,
				D45D2FEB1F01AD8E002FEBE7 /* RegisterController.swift in Sources */,
				D4C8287E1F069A0B00A87D40 /* JSONParser.swift in Sources */,
				D419557B1ECF0367009575DE /* Storage.swift in Sources */,
				D45D2FE91F018FD8002FEBE7 /* StartController.swift in Sources */,
				D40192A21F574AAD00879B8C /* Notification.swift in Sources */,
				D41955791ECF023C009575DE /* AuthService.swift in Sources */,
				D46FAADE1F5F3F0400C25344 /* UIColor.swift in Sources */,
				D45D2FF11F02CBA0002FEBE7 /* UIController.swift in Sources */,
				D4C1947F1F1D31A7009A481B /* Reply.swift in Sources */,
				D45D2FF41F02D485002FEBE7 /* Add.swift in Sources */,
				D4D906531ECE541A0065B5A5 /* ApiService.swift in Sources */,
				D46FAAE21F607CEB00C25344 /* OwnPostDetailController.swift in Sources */,
				D4C194811F1FBAED009A481B /* Social.swift in Sources */,
				D4C55DEB1F0A8FF00029E285 /* UIImage.swift in Sources */,
				D4C828761F03A59200A87D40 /* DateAgo.swift in Sources */,
				D4C8287A1F0501F000A87D40 /* TabBarController.swift in Sources */,
				D4EEFB001ED1EA610085571B /* PostsController.swift in Sources */,
				D45D2FED1F01ADBC002FEBE7 /* PostDetailController.swift in Sources */,
				D41955841ECF4288009575DE /* Credentials.swift in Sources */,
				201F96ED1E3154BB0082702E /* User.swift in Sources */,
				D45D2FF71F02E8FF002FEBE7 /* View.swift in Sources */,
				20CC17CF1E17E1DB006D5A13 /* assign_app.xcdatamodeld in Sources */,
			);
			runOnlyForDeploymentPostprocessing = 0;
		};
/* End PBXSourcesBuildPhase section */

/* Begin PBXVariantGroup section */
		20CC17CA1E17E1DB006D5A13 /* Main.storyboard */ = {
			isa = PBXVariantGroup;
			children = (
				20CC17CB1E17E1DB006D5A13 /* Base */,
			);
			name = Main.storyboard;
			sourceTree = "<group>";
		};
		20CC17D21E17E1DB006D5A13 /* LaunchScreen.storyboard */ = {
			isa = PBXVariantGroup;
			children = (
				20CC17D31E17E1DB006D5A13 /* Base */,
			);
			name = LaunchScreen.storyboard;
			sourceTree = "<group>";
		};
/* End PBXVariantGroup section */

/* Begin XCBuildConfiguration section */
		20CC17D61E17E1DB006D5A13 /* Debug */ = {
			isa = XCBuildConfiguration;
			buildSettings = {
				ALWAYS_SEARCH_USER_PATHS = NO;
				CLANG_ANALYZER_NONNULL = YES;
				CLANG_CXX_LANGUAGE_STANDARD = "gnu++0x";
				CLANG_CXX_LIBRARY = "libc++";
				CLANG_ENABLE_MODULES = YES;
				CLANG_ENABLE_OBJC_ARC = YES;
				CLANG_WARN_BOOL_CONVERSION = YES;
				CLANG_WARN_CONSTANT_CONVERSION = YES;
				CLANG_WARN_DIRECT_OBJC_ISA_USAGE = YES_ERROR;
				CLANG_WARN_DOCUMENTATION_COMMENTS = YES;
				CLANG_WARN_EMPTY_BODY = YES;
				CLANG_WARN_ENUM_CONVERSION = YES;
				CLANG_WARN_INFINITE_RECURSION = YES;
				CLANG_WARN_INT_CONVERSION = YES;
				CLANG_WARN_OBJC_ROOT_CLASS = YES_ERROR;
				CLANG_WARN_SUSPICIOUS_MOVE = YES;
				CLANG_WARN_SUSPICIOUS_MOVES = YES;
				CLANG_WARN_UNREACHABLE_CODE = YES;
				CLANG_WARN__DUPLICATE_METHOD_MATCH = YES;
				"CODE_SIGN_IDENTITY[sdk=iphoneos*]" = "iPhone Developer";
				COPY_PHASE_STRIP = NO;
				DEBUG_INFORMATION_FORMAT = dwarf;
				ENABLE_STRICT_OBJC_MSGSEND = YES;
				ENABLE_TESTABILITY = YES;
				GCC_C_LANGUAGE_STANDARD = gnu99;
				GCC_DYNAMIC_NO_PIC = NO;
				GCC_NO_COMMON_BLOCKS = YES;
				GCC_OPTIMIZATION_LEVEL = 0;
				GCC_PREPROCESSOR_DEFINITIONS = (
					"DEBUG=1",
					"$(inherited)",
				);
				GCC_WARN_64_TO_32_BIT_CONVERSION = YES;
				GCC_WARN_ABOUT_RETURN_TYPE = YES_ERROR;
				GCC_WARN_UNDECLARED_SELECTOR = YES;
				GCC_WARN_UNINITIALIZED_AUTOS = YES_AGGRESSIVE;
				GCC_WARN_UNUSED_FUNCTION = YES;
				GCC_WARN_UNUSED_VARIABLE = YES;
				IPHONEOS_DEPLOYMENT_TARGET = 10.2;
				MTL_ENABLE_DEBUG_INFO = YES;
				ONLY_ACTIVE_ARCH = YES;
				SDKROOT = iphoneos;
				SWIFT_ACTIVE_COMPILATION_CONDITIONS = DEBUG;
				SWIFT_OPTIMIZATION_LEVEL = "-Onone";
			};
			name = Debug;
		};
		20CC17D71E17E1DB006D5A13 /* Release */ = {
			isa = XCBuildConfiguration;
			buildSettings = {
				ALWAYS_SEARCH_USER_PATHS = NO;
				CLANG_ANALYZER_NONNULL = YES;
				CLANG_CXX_LANGUAGE_STANDARD = "gnu++0x";
				CLANG_CXX_LIBRARY = "libc++";
				CLANG_ENABLE_MODULES = YES;
				CLANG_ENABLE_OBJC_ARC = YES;
				CLANG_WARN_BOOL_CONVERSION = YES;
				CLANG_WARN_CONSTANT_CONVERSION = YES;
				CLANG_WARN_DIRECT_OBJC_ISA_USAGE = YES_ERROR;
				CLANG_WARN_DOCUMENTATION_COMMENTS = YES;
				CLANG_WARN_EMPTY_BODY = YES;
				CLANG_WARN_ENUM_CONVERSION = YES;
				CLANG_WARN_INFINITE_RECURSION = YES;
				CLANG_WARN_INT_CONVERSION = YES;
				CLANG_WARN_OBJC_ROOT_CLASS = YES_ERROR;
				CLANG_WARN_SUSPICIOUS_MOVE = YES;
				CLANG_WARN_SUSPICIOUS_MOVES = YES;
				CLANG_WARN_UNREACHABLE_CODE = YES;
				CLANG_WARN__DUPLICATE_METHOD_MATCH = YES;
				"CODE_SIGN_IDENTITY[sdk=iphoneos*]" = "iPhone Developer";
				COPY_PHASE_STRIP = NO;
				DEBUG_INFORMATION_FORMAT = "dwarf-with-dsym";
				ENABLE_NS_ASSERTIONS = NO;
				ENABLE_STRICT_OBJC_MSGSEND = YES;
				GCC_C_LANGUAGE_STANDARD = gnu99;
				GCC_NO_COMMON_BLOCKS = YES;
				GCC_WARN_64_TO_32_BIT_CONVERSION = YES;
				GCC_WARN_ABOUT_RETURN_TYPE = YES_ERROR;
				GCC_WARN_UNDECLARED_SELECTOR = YES;
				GCC_WARN_UNINITIALIZED_AUTOS = YES_AGGRESSIVE;
				GCC_WARN_UNUSED_FUNCTION = YES;
				GCC_WARN_UNUSED_VARIABLE = YES;
				IPHONEOS_DEPLOYMENT_TARGET = 10.2;
				MTL_ENABLE_DEBUG_INFO = NO;
				SDKROOT = iphoneos;
				SWIFT_OPTIMIZATION_LEVEL = "-Owholemodule";
				VALIDATE_PRODUCT = YES;
			};
			name = Release;
		};
		20CC17D91E17E1DB006D5A13 /* Debug */ = {
			isa = XCBuildConfiguration;
			baseConfigurationReference = CB18BEEBDCC82AD67CD88980 /* Pods-assign-app.debug.xcconfig */;
			buildSettings = {
				ASSETCATALOG_COMPILER_APPICON_NAME = AppIcon;
				CODE_SIGN_ENTITLEMENTS = "assign-app/assign-app.entitlements";
				CODE_SIGN_IDENTITY = "iPhone Developer: maxx-we@hotmail.com (AKDZX26SY8)";
				"CODE_SIGN_IDENTITY[sdk=iphoneos*]" = "iPhone Developer";
				DEVELOPMENT_TEAM = 5HHL669K7E;
				INFOPLIST_FILE = "assign-app/Info.plist";
				IPHONEOS_DEPLOYMENT_TARGET = 10.2;
				LD_RUNPATH_SEARCH_PATHS = "$(inherited) @executable_path/Frameworks";
				PRODUCT_BUNDLE_IDENTIFIER = com.assign.app;
				PRODUCT_NAME = "$(TARGET_NAME)";
				SDKROOT = iphoneos;
				SWIFT_OBJC_BRIDGING_HEADER = "assign-app/Bridging.h";
				SWIFT_VERSION = 3.0;
				TARGETED_DEVICE_FAMILY = 1;
			};
			name = Debug;
		};
		20CC17DA1E17E1DB006D5A13 /* Release */ = {
			isa = XCBuildConfiguration;
			baseConfigurationReference = 15DBE38C839807CADA888864 /* Pods-assign-app.release.xcconfig */;
			buildSettings = {
				ASSETCATALOG_COMPILER_APPICON_NAME = AppIcon;
				CODE_SIGN_ENTITLEMENTS = "assign-app/assign-app.entitlements";
				CODE_SIGN_IDENTITY = "iPhone Developer: maxx-we@hotmail.com (AKDZX26SY8)";
				"CODE_SIGN_IDENTITY[sdk=iphoneos*]" = "iPhone Developer";
				DEVELOPMENT_TEAM = 5HHL669K7E;
				INFOPLIST_FILE = "assign-app/Info.plist";
				IPHONEOS_DEPLOYMENT_TARGET = 10.2;
				LD_RUNPATH_SEARCH_PATHS = "$(inherited) @executable_path/Frameworks";
				PRODUCT_BUNDLE_IDENTIFIER = com.assign.app;
				PRODUCT_NAME = "$(TARGET_NAME)";
				SDKROOT = iphoneos;
				SWIFT_OBJC_BRIDGING_HEADER = "assign-app/Bridging.h";
				SWIFT_VERSION = 3.0;
				TARGETED_DEVICE_FAMILY = 1;
			};
			name = Release;
		};
/* End XCBuildConfiguration section */

/* Begin XCConfigurationList section */
		20CC17BE1E17E1DA006D5A13 /* Build configuration list for PBXProject "assign-app" */ = {
			isa = XCConfigurationList;
			buildConfigurations = (
				20CC17D61E17E1DB006D5A13 /* Debug */,
				20CC17D71E17E1DB006D5A13 /* Release */,
			);
			defaultConfigurationIsVisible = 0;
			defaultConfigurationName = Release;
		};
		20CC17D81E17E1DB006D5A13 /* Build configuration list for PBXNativeTarget "assign-app" */ = {
			isa = XCConfigurationList;
			buildConfigurations = (
				20CC17D91E17E1DB006D5A13 /* Debug */,
				20CC17DA1E17E1DB006D5A13 /* Release */,
			);
			defaultConfigurationIsVisible = 0;
			defaultConfigurationName = Release;
		};
/* End XCConfigurationList section */

/* Begin XCVersionGroup section */
		20CC17CD1E17E1DB006D5A13 /* assign_app.xcdatamodeld */ = {
			isa = XCVersionGroup;
			children = (
				20CC17CE1E17E1DB006D5A13 /* assign_app.xcdatamodel */,
			);
			currentVersion = 20CC17CE1E17E1DB006D5A13 /* assign_app.xcdatamodel */;
			path = assign_app.xcdatamodeld;
			sourceTree = "<group>";
			versionGroupType = wrapper.xcdatamodel;
		};
/* End XCVersionGroup section */
	};
	rootObject = 20CC17BB1E17E1DA006D5A13 /* Project object */;
}
